
Microsoft Visual Studio Solution File, Format Version 12.00
# Visual Studio Version 17
VisualStudioVersion = 17.1.32210.238
MinimumVisualStudioVersion = 10.0.40219.1
Project("{FAE04EC0-301F-11D3-BF4B-00C04F79EFBC}") = "QuestGame", "QuestGame\QuestGame.csproj", "{028F15B9-068F-40B0-9ABB-CCD71262A251}"
EndProject
Global
	GlobalSection(SolutionConfigurationPlatforms) = preSolution
		Debug|Any CPU = Debug|Any CPU
		Release|Any CPU = Release|Any CPU
	EndGlobalSection
	GlobalSection(ProjectConfigurationPlatforms) = postSolution
		{028F15B9-068F-40B0-9ABB-CCD71262A251}.Debug|Any CPU.ActiveCfg = Debug|Any CPU
		{028F15B9-068F-40B0-9ABB-CCD71262A251}.Debug|Any CPU.Build.0 = Debug|Any CPU
		{028F15B9-068F-40B0-9ABB-CCD71262A251}.Release|Any CPU.ActiveCfg = Release|Any CPU
		{028F15B9-068F-40B0-9ABB-CCD71262A251}.Release|Any CPU.Build.0 = Release|Any CPU
	EndGlobalSection
	GlobalSection(SolutionProperties) = preSolution
		HideSolutionNode = FALSE
	EndGlobalSection
	GlobalSection(ExtensibilityGlobals) = postSolution
		SolutionGuid = {6EAFBE78-363A-4264-A8FB-685F331EFDA9}
	EndGlobalSection
EndGlobal
